// !$*UTF8*$!
{
	archiveVersion = 1;
	classes = {
	};
	objectVersion = 46;
	objects = {

/* Begin PBXBuildFile section */
		6DA0627E1EE43D6F00B3F5D9 /* AppDelegate.swift in Sources */ = {isa = PBXBuildFile; fileRef = 6DA0627D1EE43D6F00B3F5D9 /* AppDelegate.swift */; };
		6DA062801EE43D6F00B3F5D9 /* ViewController.swift in Sources */ = {isa = PBXBuildFile; fileRef = 6DA0627F1EE43D6F00B3F5D9 /* ViewController.swift */; };
		6DA062831EE43D6F00B3F5D9 /* Main.storyboard in Resources */ = {isa = PBXBuildFile; fileRef = 6DA062811EE43D6F00B3F5D9 /* Main.storyboard */; };
		6DA062851EE43D6F00B3F5D9 /* Assets.xcassets in Resources */ = {isa = PBXBuildFile; fileRef = 6DA062841EE43D6F00B3F5D9 /* Assets.xcassets */; };
		6DA062881EE43D6F00B3F5D9 /* LaunchScreen.storyboard in Resources */ = {isa = PBXBuildFile; fileRef = 6DA062861EE43D6F00B3F5D9 /* LaunchScreen.storyboard */; };
		6DA062931EE43D6F00B3F5D9 /* iEnglishTests.swift in Sources */ = {isa = PBXBuildFile; fileRef = 6DA062921EE43D6F00B3F5D9 /* iEnglishTests.swift */; };
		6DA0629E1EE43D6F00B3F5D9 /* iEnglishUITests.swift in Sources */ = {isa = PBXBuildFile; fileRef = 6DA0629D1EE43D6F00B3F5D9 /* iEnglishUITests.swift */; };
/* End PBXBuildFile section */

/* Begin PBXContainerItemProxy section */
		6DA0628F1EE43D6F00B3F5D9 /* PBXContainerItemProxy */ = {
			isa = PBXContainerItemProxy;
			containerPortal = 6DA062721EE43D6F00B3F5D9 /* Project object */;
			proxyType = 1;
			remoteGlobalIDString = 6DA062791EE43D6F00B3F5D9;
			remoteInfo = iEnglish;
		};
		6DA0629A1EE43D6F00B3F5D9 /* PBXContainerItemProxy */ = {
			isa = PBXContainerItemProxy;
			containerPortal = 6DA062721EE43D6F00B3F5D9 /* Project object */;
			proxyType = 1;
			remoteGlobalIDString = 6DA062791EE43D6F00B3F5D9;
			remoteInfo = iEnglish;
		};
/* End PBXContainerItemProxy section */

/* Begin PBXFileReference section */
		6DA0627A1EE43D6F00B3F5D9 /* iEnglish.app */ = {isa = PBXFileReference; explicitFileType = wrapper.application; includeInIndex = 0; path = iEnglish.app; sourceTree = BUILT_PRODUCTS_DIR; };
		6DA0627D1EE43D6F00B3F5D9 /* AppDelegate.swift */ = {isa = PBXFileReference; lastKnownFileType = sourcecode.swift; path = AppDelegate.swift; sourceTree = "<group>"; };
		6DA0627F1EE43D6F00B3F5D9 /* ViewController.swift */ = {isa = PBXFileReference; lastKnownFileType = sourcecode.swift; path = ViewController.swift; sourceTree = "<group>"; };
		6DA062821EE43D6F00B3F5D9 /* Base */ = {isa = PBXFileReference; lastKnownFileType = file.storyboard; name = Base; path = Base.lproj/Main.storyboard; sourceTree = "<group>"; };
		6DA062841EE43D6F00B3F5D9 /* Assets.xcassets */ = {isa = PBXFileReference; lastKnownFileType = folder.assetcatalog; path = Assets.xcassets; sourceTree = "<group>"; };
		6DA062871EE43D6F00B3F5D9 /* Base */ = {isa = PBXFileReference; lastKnownFileType = file.storyboard; name = Base; path = Base.lproj/LaunchScreen.storyboard; sourceTree = "<group>"; };
		6DA062891EE43D6F00B3F5D9 /* Info.plist */ = {isa = PBXFileReference; lastKnownFileType = text.plist.xml; path = Info.plist; sourceTree = "<group>"; };
		6DA0628E1EE43D6F00B3F5D9 /* iEnglishTests.xctest */ = {isa = PBXFileReference; explicitFileType = wrapper.cfbundle; includeInIndex = 0; path = iEnglishTests.xctest; sourceTree = BUILT_PRODUCTS_DIR; };
		6DA062921EE43D6F00B3F5D9 /* iEnglishTests.swift */ = {isa = PBXFileReference; lastKnownFileType = sourcecode.swift; path = iEnglishTests.swift; sourceTree = "<group>"; };
		6DA062941EE43D6F00B3F5D9 /* Info.plist */ = {isa = PBXFileReference; lastKnownFileType = text.plist.xml; path = Info.plist; sourceTree = "<group>"; };
		6DA062991EE43D6F00B3F5D9 /* iEnglishUITests.xctest */ = {isa = PBXFileReference; explicitFileType = wrapper.cfbundle; includeInIndex = 0; path = iEnglishUITests.xctest; sourceTree = BUILT_PRODUCTS_DIR; };
		6DA0629D1EE43D6F00B3F5D9 /* iEnglishUITests.swift */ = {isa = PBXFileReference; lastKnownFileType = sourcecode.swift; path = iEnglishUITests.swift; sourceTree = "<group>"; };
		6DA0629F1EE43D6F00B3F5D9 /* Info.plist */ = {isa = PBXFileReference; lastKnownFileType = text.plist.xml; path = Info.plist; sourceTree = "<group>"; };
/* End PBXFileReference section */

/* Begin PBXFrameworksBuildPhase section */
		6DA062771EE43D6F00B3F5D9 /* Frameworks */ = {
			isa = PBXFrameworksBuildPhase;
			buildActionMask = 2147483647;
			files = (
			);
			runOnlyForDeploymentPostprocessing = 0;
		};
		6DA0628B1EE43D6F00B3F5D9 /* Frameworks */ = {
			isa = PBXFrameworksBuildPhase;
			buildActionMask = 2147483647;
			files = (
			);
			runOnlyForDeploymentPostprocessing = 0;
		};
		6DA062961EE43D6F00B3F5D9 /* Frameworks */ = {
			isa = PBXFrameworksBuildPhase;
			buildActionMask = 2147483647;
			files = (
			);
			runOnlyForDeploymentPostprocessing = 0;
		};
/* End PBXFrameworksBuildPhase section */

/* Begin PBXGroup section */
		6DA062711EE43D6F00B3F5D9 = {
			isa = PBXGroup;
			children = (
				6DA0627C1EE43D6F00B3F5D9 /* iEnglish */,
				6DA062911EE43D6F00B3F5D9 /* iEnglishTests */,
				6DA0629C1EE43D6F00B3F5D9 /* iEnglishUITests */,
				6DA0627B1EE43D6F00B3F5D9 /* Products */,
			);
			sourceTree = "<group>";
		};
		6DA0627B1EE43D6F00B3F5D9 /* Products */ = {
			isa = PBXGroup;
			children = (
				6DA0627A1EE43D6F00B3F5D9 /* iEnglish.app */,
				6DA0628E1EE43D6F00B3F5D9 /* iEnglishTests.xctest */,
				6DA062991EE43D6F00B3F5D9 /* iEnglishUITests.xctest */,
			);
			name = Products;
			sourceTree = "<group>";
		};
		6DA0627C1EE43D6F00B3F5D9 /* iEnglish */ = {
			isa = PBXGroup;
			children = (
				6DA0627D1EE43D6F00B3F5D9 /* AppDelegate.swift */,
				6DA0627F1EE43D6F00B3F5D9 /* ViewController.swift */,
				6DA062811EE43D6F00B3F5D9 /* Main.storyboard */,
				6DA062841EE43D6F00B3F5D9 /* Assets.xcassets */,
				6DA062861EE43D6F00B3F5D9 /* LaunchScreen.storyboard */,
				6DA062891EE43D6F00B3F5D9 /* Info.plist */,
			);
			path = iEnglish;
			sourceTree = "<group>";
		};
		6DA062911EE43D6F00B3F5D9 /* iEnglishTests */ = {
			isa = PBXGroup;
			children = (
				6DA062921EE43D6F00B3F5D9 /* iEnglishTests.swift */,
				6DA062941EE43D6F00B3F5D9 /* Info.plist */,
			);
			path = iEnglishTests;
			sourceTree = "<group>";
		};
		6DA0629C1EE43D6F00B3F5D9 /* iEnglishUITests */ = {
			isa = PBXGroup;
			children = (
				6DA0629D1EE43D6F00B3F5D9 /* iEnglishUITests.swift */,
				6DA0629F1EE43D6F00B3F5D9 /* Info.plist */,
			);
			path = iEnglishUITests;
			sourceTree = "<group>";
		};
/* End PBXGroup section */

/* Begin PBXNativeTarget section */
		6DA062791EE43D6F00B3F5D9 /* iEnglish */ = {
			isa = PBXNativeTarget;
			buildConfigurationList = 6DA062A21EE43D6F00B3F5D9 /* Build configuration list for PBXNativeTarget "iEnglish" */;
			buildPhases = (
				6DA062761EE43D6F00B3F5D9 /* Sources */,
				6DA062771EE43D6F00B3F5D9 /* Frameworks */,
				6DA062781EE43D6F00B3F5D9 /* Resources */,
			);
			buildRules = (
			);
			dependencies = (
			);
			name = iEnglish;
			productName = iEnglish;
			productReference = 6DA0627A1EE43D6F00B3F5D9 /* iEnglish.app */;
			productType = "com.apple.product-type.application";
		};
		6DA0628D1EE43D6F00B3F5D9 /* iEnglishTests */ = {
			isa = PBXNativeTarget;
			buildConfigurationList = 6DA062A51EE43D6F00B3F5D9 /* Build configuration list for PBXNativeTarget "iEnglishTests" */;
			buildPhases = (
				6DA0628A1EE43D6F00B3F5D9 /* Sources */,
				6DA0628B1EE43D6F00B3F5D9 /* Frameworks */,
				6DA0628C1EE43D6F00B3F5D9 /* Resources */,
			);
			buildRules = (
			);
			dependencies = (
				6DA062901EE43D6F00B3F5D9 /* PBXTargetDependency */,
			);
			name = iEnglishTests;
			productName = iEnglishTests;
			productReference = 6DA0628E1EE43D6F00B3F5D9 /* iEnglishTests.xctest */;
			productType = "com.apple.product-type.bundle.unit-test";
		};
		6DA062981EE43D6F00B3F5D9 /* iEnglishUITests */ = {
			isa = PBXNativeTarget;
			buildConfigurationList = 6DA062A81EE43D6F00B3F5D9 /* Build configuration list for PBXNativeTarget "iEnglishUITests" */;
			buildPhases = (
				6DA062951EE43D6F00B3F5D9 /* Sources */,
				6DA062961EE43D6F00B3F5D9 /* Frameworks */,
				6DA062971EE43D6F00B3F5D9 /* Resources */,
			);
			buildRules = (
			);
			dependencies = (
				6DA0629B1EE43D6F00B3F5D9 /* PBXTargetDependency */,
			);
			name = iEnglishUITests;
			productName = iEnglishUITests;
			productReference = 6DA062991EE43D6F00B3F5D9 /* iEnglishUITests.xctest */;
			productType = "com.apple.product-type.bundle.ui-testing";
		};
/* End PBXNativeTarget section */

/* Begin PBXProject section */
		6DA062721EE43D6F00B3F5D9 /* Project object */ = {
			isa = PBXProject;
			attributes = {
				LastSwiftUpdateCheck = 0830;
				LastUpgradeCheck = 0830;
				ORGANIZATIONNAME = iHTCboy;
				TargetAttributes = {
					6DA062791EE43D6F00B3F5D9 = {
						CreatedOnToolsVersion = 8.3.2;
						DevelopmentTeam = 28PV6G96R7;
						ProvisioningStyle = Automatic;
					};
					6DA0628D1EE43D6F00B3F5D9 = {
						CreatedOnToolsVersion = 8.3.2;
						DevelopmentTeam = 28PV6G96R7;
						ProvisioningStyle = Automatic;
						TestTargetID = 6DA062791EE43D6F00B3F5D9;
					};
					6DA062981EE43D6F00B3F5D9 = {
						CreatedOnToolsVersion = 8.3.2;
						DevelopmentTeam = 28PV6G96R7;
						ProvisioningStyle = Automatic;
						TestTargetID = 6DA062791EE43D6F00B3F5D9;
					};
				};
			};
			buildConfigurationList = 6DA062751EE43D6F00B3F5D9 /* Build configuration list for PBXProject "iEnglish" */;
			compatibilityVersion = "Xcode 3.2";
			developmentRegion = English;
			hasScannedForEncodings = 0;
			knownRegions = (
				en,
				Base,
			);
			mainGroup = 6DA062711EE43D6F00B3F5D9;
			productRefGroup = 6DA0627B1EE43D6F00B3F5D9 /* Products */;
			projectDirPath = "";
			projectRoot = "";
			targets = (
				6DA062791EE43D6F00B3F5D9 /* iEnglish */,
				6DA0628D1EE43D6F00B3F5D9 /* iEnglishTests */,
				6DA062981EE43D6F00B3F5D9 /* iEnglishUITests */,
			);
		};
/* End PBXProject section */

/* Begin PBXResourcesBuildPhase section */
		6DA062781EE43D6F00B3F5D9 /* Resources */ = {
			isa = PBXResourcesBuildPhase;
			buildActionMask = 2147483647;
			files = (
				6DA062881EE43D6F00B3F5D9 /* LaunchScreen.storyboard in Resources */,
				6DA062851EE43D6F00B3F5D9 /* Assets.xcassets in Resources */,
				6DA062831EE43D6F00B3F5D9 /* Main.storyboard in Resources */,
			);
			runOnlyForDeploymentPostprocessing = 0;
		};
		6DA0628C1EE43D6F00B3F5D9 /* Resources */ = {
			isa = PBXResourcesBuildPhase;
			buildActionMask = 2147483647;
			files = (
			);
			runOnlyForDeploymentPostprocessing = 0;
		};
		6DA062971EE43D6F00B3F5D9 /* Resources */ = {
			isa = PBXResourcesBuildPhase;
			buildActionMask = 2147483647;
			files = (
			);
			runOnlyForDeploymentPostprocessing = 0;
		};
/* End PBXResourcesBuildPhase section */

/* Begin PBXSourcesBuildPhase section */
		6DA062761EE43D6F00B3F5D9 /* Sources */ = {
			isa = PBXSourcesBuildPhase;
			buildActionMask = 2147483647;
			files = (
				6DA062801EE43D6F00B3F5D9 /* ViewController.swift in Sources */,
				6DA0627E1EE43D6F00B3F5D9 /* AppDelegate.swift in Sources */,
			);
			runOnlyForDeploymentPostprocessing = 0;
		};
		6DA0628A1EE43D6F00B3F5D9 /* Sources */ = {
			isa = PBXSourcesBuildPhase;
			buildActionMask = 2147483647;
			files = (
				6DA062931EE43D6F00B3F5D9 /* iEnglishTests.swift in Sources */,
			);
			runOnlyForDeploymentPostprocessing = 0;
		};
		6DA062951EE43D6F00B3F5D9 /* Sources */ = {
			isa = PBXSourcesBuildPhase;
			buildActionMask = 2147483647;
			files = (
				6DA0629E1EE43D6F00B3F5D9 /* iEnglishUITests.swift in Sources */,
			);
			runOnlyForDeploymentPostprocessing = 0;
		};
/* End PBXSourcesBuildPhase section */

/* Begin PBXTargetDependency section */
		6DA062901EE43D6F00B3F5D9 /* PBXTargetDependency */ = {
			isa = PBXTargetDependency;
			target = 6DA062791EE43D6F00B3F5D9 /* iEnglish */;
			targetProxy = 6DA0628F1EE43D6F00B3F5D9 /* PBXContainerItemProxy */;
		};
		6DA0629B1EE43D6F00B3F5D9 /* PBXTargetDependency */ = {
			isa = PBXTargetDependency;
			target = 6DA062791EE43D6F00B3F5D9 /* iEnglish */;
			targetProxy = 6DA0629A1EE43D6F00B3F5D9 /* PBXContainerItemProxy */;
		};
/* End PBXTargetDependency section */

/* Begin PBXVariantGroup section */
		6DA062811EE43D6F00B3F5D9 /* Main.storyboard */ = {
			isa = PBXVariantGroup;
			children = (
				6DA062821EE43D6F00B3F5D9 /* Base */,
			);
			name = Main.storyboard;
			sourceTree = "<group>";
		};
		6DA062861EE43D6F00B3F5D9 /* LaunchScreen.storyboard */ = {
			isa = PBXVariantGroup;
			children = (
				6DA062871EE43D6F00B3F5D9 /* Base */,
			);
			name = LaunchScreen.storyboard;
			sourceTree = "<group>";
		};
/* End PBXVariantGroup section */

/* Begin XCBuildConfiguration section */
		6DA062A01EE43D6F00B3F5D9 /* Debug */ = {
			isa = XCBuildConfiguration;
			buildSettings = {
				ALWAYS_SEARCH_USER_PATHS = NO;
				CLANG_ANALYZER_NONNULL = YES;
				CLANG_ANALYZER_NUMBER_OBJECT_CONVERSION = YES_AGGRESSIVE;
				CLANG_CXX_LANGUAGE_STANDARD = "gnu++0x";
				CLANG_CXX_LIBRARY = "libc++";
				CLANG_ENABLE_MODULES = YES;
				CLANG_ENABLE_OBJC_ARC = YES;
				CLANG_WARN_BOOL_CONVERSION = YES;
				CLANG_WARN_CONSTANT_CONVERSION = YES;
				CLANG_WARN_DIRECT_OBJC_ISA_USAGE = YES_ERROR;
				CLANG_WARN_DOCUMENTATION_COMMENTS = YES;
				CLANG_WARN_EMPTY_BODY = YES;
				CLANG_WARN_ENUM_CONVERSION = YES;
				CLANG_WARN_INFINITE_RECURSION = YES;
				CLANG_WARN_INT_CONVERSION = YES;
				CLANG_WARN_OBJC_ROOT_CLASS = YES_ERROR;
				CLANG_WARN_SUSPICIOUS_MOVE = YES;
				CLANG_WARN_UNREACHABLE_CODE = YES;
				CLANG_WARN__DUPLICATE_METHOD_MATCH = YES;
				"CODE_SIGN_IDENTITY[sdk=iphoneos*]" = "iPhone Developer";
				COPY_PHASE_STRIP = NO;
				DEBUG_INFORMATION_FORMAT = dwarf;
				ENABLE_STRICT_OBJC_MSGSEND = YES;
				ENABLE_TESTABILITY = YES;
				GCC_C_LANGUAGE_STANDARD = gnu99;
				GCC_DYNAMIC_NO_PIC = NO;
				GCC_NO_COMMON_BLOCKS = YES;
				GCC_OPTIMIZATION_LEVEL = 0;
				GCC_PREPROCESSOR_DEFINITIONS = (
					"DEBUG=1",
					"$(inherited)",
				);
				GCC_WARN_64_TO_32_BIT_CONVERSION = YES;
				GCC_WARN_ABOUT_RETURN_TYPE = YES_ERROR;
				GCC_WARN_UNDECLARED_SELECTOR = YES;
				GCC_WARN_UNINITIALIZED_AUTOS = YES_AGGRESSIVE;
				GCC_WARN_UNUSED_FUNCTION = YES;
				GCC_WARN_UNUSED_VARIABLE = YES;
				IPHONEOS_DEPLOYMENT_TARGET = 10.3;
				MTL_ENABLE_DEBUG_INFO = YES;
				ONLY_ACTIVE_ARCH = YES;
				SDKROOT = iphoneos;
				SWIFT_ACTIVE_COMPILATION_CONDITIONS = DEBUG;
				SWIFT_OPTIMIZATION_LEVEL = "-Onone";
				TARGETED_DEVICE_FAMILY = "1,2";
			};
			name = Debug;
		};
		6DA062A11EE43D6F00B3F5D9 /* Release */ = {
			isa = XCBuildConfiguration;
			buildSettings = {
				ALWAYS_SEARCH_USER_PATHS = NO;
				CLANG_ANALYZER_NONNULL = YES;
				CLANG_ANALYZER_NUMBER_OBJECT_CONVERSION = YES_AGGRESSIVE;
				CLANG_CXX_LANGUAGE_STANDARD = "gnu++0x";
				CLANG_CXX_LIBRARY = "libc++";
				CLANG_ENABLE_MODULES = YES;
				CLANG_ENABLE_OBJC_ARC = YES;
				CLANG_WARN_BOOL_CONVERSION = YES;
				CLANG_WARN_CONSTANT_CONVERSION = YES;
				CLANG_WARN_DIRECT_OBJC_ISA_USAGE = YES_ERROR;
				CLANG_WARN_DOCUMENTATION_COMMENTS = YES;
				CLANG_WARN_EMPTY_BODY = YES;
				CLANG_WARN_ENUM_CONVERSION = YES;
				CLANG_WARN_INFINITE_RECURSION = YES;
				CLANG_WARN_INT_CONVERSION = YES;
				CLANG_WARN_OBJC_ROOT_CLASS = YES_ERROR;
				CLANG_WARN_SUSPICIOUS_MOVE = YES;
				CLANG_WARN_UNREACHABLE_CODE = YES;
				CLANG_WARN__DUPLICATE_METHOD_MATCH = YES;
				"CODE_SIGN_IDENTITY[sdk=iphoneos*]" = "iPhone Developer";
				COPY_PHASE_STRIP = NO;
				DEBUG_INFORMATION_FORMAT = "dwarf-with-dsym";
				ENABLE_NS_ASSERTIONS = NO;
				ENABLE_STRICT_OBJC_MSGSEND = YES;
				GCC_C_LANGUAGE_STANDARD = gnu99;
				GCC_NO_COMMON_BLOCKS = YES;
				GCC_WARN_64_TO_32_BIT_CONVERSION = YES;
				GCC_WARN_ABOUT_RETURN_TYPE = YES_ERROR;
				GCC_WARN_UNDECLARED_SELECTOR = YES;
				GCC_WARN_UNINITIALIZED_AUTOS = YES_AGGRESSIVE;
				GCC_WARN_UNUSED_FUNCTION = YES;
				GCC_WARN_UNUSED_VARIABLE = YES;
				IPHONEOS_DEPLOYMENT_TARGET = 10.3;
				MTL_ENABLE_DEBUG_INFO = NO;
				SDKROOT = iphoneos;
				SWIFT_OPTIMIZATION_LEVEL = "-Owholemodule";
				TARGETED_DEVICE_FAMILY = "1,2";
				VALIDATE_PRODUCT = YES;
			};
			name = Release;
		};
		6DA062A31EE43D6F00B3F5D9 /* Debug */ = {
			isa = XCBuildConfiguration;
			buildSettings = {
				ASSETCATALOG_COMPILER_APPICON_NAME = AppIcon;
				DEVELOPMENT_TEAM = 28PV6G96R7;
				INFOPLIST_FILE = iEnglish/Info.plist;
				LD_RUNPATH_SEARCH_PATHS = "$(inherited) @executable_path/Frameworks";
				PRODUCT_BUNDLE_IDENTIFIER = cc.ihtc.iEnglish;
				PRODUCT_NAME = "$(TARGET_NAME)";
				SWIFT_VERSION = 3.0;
			};
			name = Debug;
		};
		6DA062A41EE43D6F00B3F5D9 /* Release */ = {
			isa = XCBuildConfiguration;
			buildSettings = {
				ASSETCATALOG_COMPILER_APPICON_NAME = AppIcon;
				DEVELOPMENT_TEAM = 28PV6G96R7;
				INFOPLIST_FILE = iEnglish/Info.plist;
				LD_RUNPATH_SEARCH_PATHS = "$(inherited) @executable_path/Frameworks";
				PRODUCT_BUNDLE_IDENTIFIER = cc.ihtc.iEnglish;
				PRODUCT_NAME = "$(TARGET_NAME)";
				SWIFT_VERSION = 3.0;
			};
			name = Release;
		};
		6DA062A61EE43D6F00B3F5D9 /* Debug */ = {
			isa = XCBuildConfiguration;
			buildSettings = {
				ALWAYS_EMBED_SWIFT_STANDARD_LIBRARIES = YES;
				BUNDLE_LOADER = "$(TEST_HOST)";
				DEVELOPMENT_TEAM = 28PV6G96R7;
				INFOPLIST_FILE = iEnglishTests/Info.plist;
				LD_RUNPATH_SEARCH_PATHS = "$(inherited) @executable_path/Frameworks @loader_path/Frameworks";
				PRODUCT_BUNDLE_IDENTIFIER = cc.ihtc.iEnglishTests;
				PRODUCT_NAME = "$(TARGET_NAME)";
				SWIFT_VERSION = 3.0;
				TEST_HOST = "$(BUILT_PRODUCTS_DIR)/iEnglish.app/iEnglish";
			};
			name = Debug;
		};
		6DA062A71EE43D6F00B3F5D9 /* Release */ = {
			isa = XCBuildConfiguration;
			buildSettings = {
				ALWAYS_EMBED_SWIFT_STANDARD_LIBRARIES = YES;
				BUNDLE_LOADER = "$(TEST_HOST)";
				DEVELOPMENT_TEAM = 28PV6G96R7;
				INFOPLIST_FILE = iEnglishTests/Info.plist;
				LD_RUNPATH_SEARCH_PATHS = "$(inherited) @executable_path/Frameworks @loader_path/Frameworks";
				PRODUCT_BUNDLE_IDENTIFIER = cc.ihtc.iEnglishTests;
				PRODUCT_NAME = "$(TARGET_NAME)";
				SWIFT_VERSION = 3.0;
				TEST_HOST = "$(BUILT_PRODUCTS_DIR)/iEnglish.app/iEnglish";
			};
			name = Release;
		};
		6DA062A91EE43D6F00B3F5D9 /* Debug */ = {
			isa = XCBuildConfiguration;
			buildSettings = {
				ALWAYS_EMBED_SWIFT_STANDARD_LIBRARIES = YES;
				DEVELOPMENT_TEAM = 28PV6G96R7;
				INFOPLIST_FILE = iEnglishUITests/Info.plist;
				LD_RUNPATH_SEARCH_PATHS = "$(inherited) @executable_path/Frameworks @loader_path/Frameworks";
				PRODUCT_BUNDLE_IDENTIFIER = cc.ihtc.iEnglishUITests;
				PRODUCT_NAME = "$(TARGET_NAME)";
				SWIFT_VERSION = 3.0;
				TEST_TARGET_NAME = iEnglish;
			};
			name = Debug;
		};
		6DA062AA1EE43D6F00B3F5D9 /* Release */ = {
			isa = XCBuildConfiguration;
			buildSettings = {
				ALWAYS_EMBED_SWIFT_STANDARD_LIBRARIES = YES;
				DEVELOPMENT_TEAM = 28PV6G96R7;
				INFOPLIST_FILE = iEnglishUITests/Info.plist;
				LD_RUNPATH_SEARCH_PATHS = "$(inherited) @executable_path/Frameworks @loader_path/Frameworks";
				PRODUCT_BUNDLE_IDENTIFIER = cc.ihtc.iEnglishUITests;
				PRODUCT_NAME = "$(TARGET_NAME)";
				SWIFT_VERSION = 3.0;
				TEST_TARGET_NAME = iEnglish;
			};
			name = Release;
		};
/* End XCBuildConfiguration section */

/* Begin XCConfigurationList section */
		6DA062751EE43D6F00B3F5D9 /* Build configuration list for PBXProject "iEnglish" */ = {
			isa = XCConfigurationList;
			buildConfigurations = (
				6DA062A01EE43D6F00B3F5D9 /* Debug */,
				6DA062A11EE43D6F00B3F5D9 /* Release */,
			);
			defaultConfigurationIsVisible = 0;
			defaultConfigurationName = Release;
		};
		6DA062A21EE43D6F00B3F5D9 /* Build configuration list for PBXNativeTarget "iEnglish" */ = {
			isa = XCConfigurationList;
			buildConfigurations = (
				6DA062A31EE43D6F00B3F5D9 /* Debug */,
				6DA062A41EE43D6F00B3F5D9 /* Release */,
			);
			defaultConfigurationIsVisible = 0;
		};
		6DA062A51EE43D6F00B3F5D9 /* Build configuration list for PBXNativeTarget "iEnglishTests" */ = {
			isa = XCConfigurationList;
			buildConfigurations = (
				6DA062A61EE43D6F00B3F5D9 /* Debug */,
				6DA062A71EE43D6F00B3F5D9 /* Release */,
			);
			defaultConfigurationIsVisible = 0;
		};
		6DA062A81EE43D6F00B3F5D9 /* Build configuration list for PBXNativeTarget "iEnglishUITests" */ = {
			isa = XCConfigurationList;
			buildConfigurations = (
				6DA062A91EE43D6F00B3F5D9 /* Debug */,
				6DA062AA1EE43D6F00B3F5D9 /* Release */,
			);
			defaultConfigurationIsVisible = 0;
		};
/* End XCConfigurationList section */
	};
	rootObject = 6DA062721EE43D6F00B3F5D9 /* Project object */;
}
