// !$*UTF8*$!
{
	archiveVersion = 1;
	classes = {
	};
	objectVersion = 46;
	objects = {

/* Begin PBXBuildFile section */
		6D1ABA131EE84D030026054A /* CFNetwork.framework in Frameworks */ = {isa = PBXBuildFile; fileRef = 6D1ABA121EE84D030026054A /* CFNetwork.framework */; };
		6D1ABA151EE84D0A0026054A /* MessageUI.framework in Frameworks */ = {isa = PBXBuildFile; fileRef = 6D1ABA141EE84D0A0026054A /* MessageUI.framework */; };
		6D1ABA171EE84D170026054A /* StoreKit.framework in Frameworks */ = {isa = PBXBuildFile; fileRef = 6D1ABA161EE84D170026054A /* StoreKit.framework */; };
		6D1ABA191EE84D1E0026054A /* Foundation.framework in Frameworks */ = {isa = PBXBuildFile; fileRef = 6D1ABA181EE84D1E0026054A /* Foundation.framework */; };
		6D1ABA1B1EE84D250026054A /* JavaScriptCore.framework in Frameworks */ = {isa = PBXBuildFile; fileRef = 6D1ABA1A1EE84D250026054A /* JavaScriptCore.framework */; };
		6D1ABA1D1EE84D2A0026054A /* CoreTelephony.framework in Frameworks */ = {isa = PBXBuildFile; fileRef = 6D1ABA1C1EE84D2A0026054A /* CoreTelephony.framework */; };
		6D1ABA1F1EE84D2F0026054A /* CoreGraphics.framework in Frameworks */ = {isa = PBXBuildFile; fileRef = 6D1ABA1E1EE84D2F0026054A /* CoreGraphics.framework */; };
		6D1ABA211EE84D350026054A /* libstdc++.tbd in Frameworks */ = {isa = PBXBuildFile; fileRef = 6D1ABA201EE84D350026054A /* libstdc++.tbd */; };
		6D1ABA231EE84D3C0026054A /* libz.1.2.5.tbd in Frameworks */ = {isa = PBXBuildFile; fileRef = 6D1ABA221EE84D3C0026054A /* libz.1.2.5.tbd */; };
		6D1ABA251EE84D430026054A /* Security.framework in Frameworks */ = {isa = PBXBuildFile; fileRef = 6D1ABA241EE84D430026054A /* Security.framework */; };
		6D1ABA271EE84D4A0026054A /* CoreLocation.framework in Frameworks */ = {isa = PBXBuildFile; fileRef = 6D1ABA261EE84D4A0026054A /* CoreLocation.framework */; };
		6D1ABA291EE84DBA0026054A /* SystemConfiguration.framework in Frameworks */ = {isa = PBXBuildFile; fileRef = 6D1ABA281EE84DBA0026054A /* SystemConfiguration.framework */; };
		6D2C0FB62157F31700C37783 /* README.md in Resources */ = {isa = PBXBuildFile; fileRef = 6D2C0FB42157F31700C37783 /* README.md */; };
		6D2C0FB72157F31700C37783 /* LICENSE in Resources */ = {isa = PBXBuildFile; fileRef = 6D2C0FB52157F31700C37783 /* LICENSE */; };
		6D4429421EE5A3760030534D /* TCTabbarController.swift in Sources */ = {isa = PBXBuildFile; fileRef = 6D4429411EE5A3760030534D /* TCTabbarController.swift */; };
		6D4429441EE5A4AD0030534D /* SettingController.swift in Sources */ = {isa = PBXBuildFile; fileRef = 6D4429431EE5A4AD0030534D /* SettingController.swift */; };
		6D4429461EE5ACE00030534D /* SafariServices.framework in Frameworks */ = {isa = PBXBuildFile; fileRef = 6D4429451EE5ACE00030534D /* SafariServices.framework */; settings = {ATTRIBUTES = (Weak, ); }; };
		6D9E72921EE45ABA00AB993A /* AudioToolbox.framework in Frameworks */ = {isa = PBXBuildFile; fileRef = 6D9E72911EE45ABA00AB993A /* AudioToolbox.framework */; };
		6DA062851EE43D6F00B3F5D9 /* Assets.xcassets in Resources */ = {isa = PBXBuildFile; fileRef = 6DA062841EE43D6F00B3F5D9 /* Assets.xcassets */; };
		6DA062881EE43D6F00B3F5D9 /* LaunchScreen.storyboard in Resources */ = {isa = PBXBuildFile; fileRef = 6DA062861EE43D6F00B3F5D9 /* LaunchScreen.storyboard */; };
		6DA062931EE43D6F00B3F5D9 /* iEnglishTests.swift in Sources */ = {isa = PBXBuildFile; fileRef = 6DA062921EE43D6F00B3F5D9 /* iEnglishTests.swift */; };
		6DA0629E1EE43D6F00B3F5D9 /* iEnglishUITests.swift in Sources */ = {isa = PBXBuildFile; fileRef = 6DA0629D1EE43D6F00B3F5D9 /* iEnglishUITests.swift */; };
		6DA062AD1EE443B200B3F5D9 /* iEnglish.bundle in Resources */ = {isa = PBXBuildFile; fileRef = 6DA062AC1EE443B200B3F5D9 /* iEnglish.bundle */; };
		6DA062B01EE444EB00B3F5D9 /* libsqlite3.0.tbd in Frameworks */ = {isa = PBXBuildFile; fileRef = 6DA062AF1EE444EB00B3F5D9 /* libsqlite3.0.tbd */; };
		6DA062B51EE4452600B3F5D9 /* libBaiduMobStat.a in Frameworks */ = {isa = PBXBuildFile; fileRef = 6DA062B41EE4452600B3F5D9 /* libBaiduMobStat.a */; };
		6DA062BC1EE4469B00B3F5D9 /* TCAppConst.swift in Sources */ = {isa = PBXBuildFile; fileRef = 6DA062BB1EE4469B00B3F5D9 /* TCAppConst.swift */; };
		6DA062C11EE447B800B3F5D9 /* AppDelegate.swift in Sources */ = {isa = PBXBuildFile; fileRef = 6DA062BF1EE447B800B3F5D9 /* AppDelegate.swift */; };
		6DA062C21EE447B800B3F5D9 /* WordsViewController.swift in Sources */ = {isa = PBXBuildFile; fileRef = 6DA062C01EE447B800B3F5D9 /* WordsViewController.swift */; };
		6DA062C41EE447DE00B3F5D9 /* TCNavigationController.swift in Sources */ = {isa = PBXBuildFile; fileRef = 6DA062C31EE447DE00B3F5D9 /* TCNavigationController.swift */; };
		6DA062C91EE44E8C00B3F5D9 /* SQLiteDB.swift in Sources */ = {isa = PBXBuildFile; fileRef = 6DA062C71EE44E8C00B3F5D9 /* SQLiteDB.swift */; };
		6DA062CA1EE44E8C00B3F5D9 /* SQLTable.swift in Sources */ = {isa = PBXBuildFile; fileRef = 6DA062C81EE44E8C00B3F5D9 /* SQLTable.swift */; };
		6DA062CC1EE450F400B3F5D9 /* iEnglish.db3 in Resources */ = {isa = PBXBuildFile; fileRef = 6DA062C51EE44D9900B3F5D9 /* iEnglish.db3 */; };
		6DA062CE1EE4553700B3F5D9 /* CategoryViewController.swift in Sources */ = {isa = PBXBuildFile; fileRef = 6DA062CD1EE4553700B3F5D9 /* CategoryViewController.swift */; };
		6DBAE27D1EED4408003ABE7E /* TCSearchResultsVC.swift in Sources */ = {isa = PBXBuildFile; fileRef = 6DBAE27C1EED4408003ABE7E /* TCSearchResultsVC.swift */; };
		6DBAE2801EED5D91003ABE7E /* IELanguageTableViewController.swift in Sources */ = {isa = PBXBuildFile; fileRef = 6DBAE27F1EED5D91003ABE7E /* IELanguageTableViewController.swift */; };
		6DBAE2821EED61B2003ABE7E /* TCUserDefaults.swift in Sources */ = {isa = PBXBuildFile; fileRef = 6DBAE2811EED61B2003ABE7E /* TCUserDefaults.swift */; };
		6DCB7EFF1EE701050074FD00 /* ITCommonAPI.swift in Sources */ = {isa = PBXBuildFile; fileRef = 6DCB7EFE1EE701050074FD00 /* ITCommonAPI.swift */; };
		6DCB7F021EE7013A0074FD00 /* ITAboutAppVC.swift in Sources */ = {isa = PBXBuildFile; fileRef = 6DCB7F001EE7013A0074FD00 /* ITAboutAppVC.swift */; };
		6DCB7F031EE7013A0074FD00 /* ITAboutAppVC.xib in Resources */ = {isa = PBXBuildFile; fileRef = 6DCB7F011EE7013A0074FD00 /* ITAboutAppVC.xib */; };
/* End PBXBuildFile section */

/* Begin PBXContainerItemProxy section */
		6DA0628F1EE43D6F00B3F5D9 /* PBXContainerItemProxy */ = {
			isa = PBXContainerItemProxy;
			containerPortal = 6DA062721EE43D6F00B3F5D9 /* Project object */;
			proxyType = 1;
			remoteGlobalIDString = 6DA062791EE43D6F00B3F5D9;
			remoteInfo = iEnglish;
		};
		6DA0629A1EE43D6F00B3F5D9 /* PBXContainerItemProxy */ = {
			isa = PBXContainerItemProxy;
			containerPortal = 6DA062721EE43D6F00B3F5D9 /* Project object */;
			proxyType = 1;
			remoteGlobalIDString = 6DA062791EE43D6F00B3F5D9;
			remoteInfo = iEnglish;
		};
/* End PBXContainerItemProxy section */

/* Begin PBXFileReference section */
		6D1ABA121EE84D030026054A /* CFNetwork.framework */ = {isa = PBXFileReference; lastKnownFileType = wrapper.framework; name = CFNetwork.framework; path = System/Library/Frameworks/CFNetwork.framework; sourceTree = SDKROOT; };
		6D1ABA141EE84D0A0026054A /* MessageUI.framework */ = {isa = PBXFileReference; lastKnownFileType = wrapper.framework; name = MessageUI.framework; path = System/Library/Frameworks/MessageUI.framework; sourceTree = SDKROOT; };
		6D1ABA161EE84D170026054A /* StoreKit.framework */ = {isa = PBXFileReference; lastKnownFileType = wrapper.framework; name = StoreKit.framework; path = System/Library/Frameworks/StoreKit.framework; sourceTree = SDKROOT; };
		6D1ABA181EE84D1E0026054A /* Foundation.framework */ = {isa = PBXFileReference; lastKnownFileType = wrapper.framework; name = Foundation.framework; path = System/Library/Frameworks/Foundation.framework; sourceTree = SDKROOT; };
		6D1ABA1A1EE84D250026054A /* JavaScriptCore.framework */ = {isa = PBXFileReference; lastKnownFileType = wrapper.framework; name = JavaScriptCore.framework; path = System/Library/Frameworks/JavaScriptCore.framework; sourceTree = SDKROOT; };
		6D1ABA1C1EE84D2A0026054A /* CoreTelephony.framework */ = {isa = PBXFileReference; lastKnownFileType = wrapper.framework; name = CoreTelephony.framework; path = System/Library/Frameworks/CoreTelephony.framework; sourceTree = SDKROOT; };
		6D1ABA1E1EE84D2F0026054A /* CoreGraphics.framework */ = {isa = PBXFileReference; lastKnownFileType = wrapper.framework; name = CoreGraphics.framework; path = System/Library/Frameworks/CoreGraphics.framework; sourceTree = SDKROOT; };
		6D1ABA201EE84D350026054A /* libstdc++.tbd */ = {isa = PBXFileReference; lastKnownFileType = "sourcecode.text-based-dylib-definition"; name = "libstdc++.tbd"; path = "usr/lib/libstdc++.tbd"; sourceTree = SDKROOT; };
		6D1ABA221EE84D3C0026054A /* libz.1.2.5.tbd */ = {isa = PBXFileReference; lastKnownFileType = "sourcecode.text-based-dylib-definition"; name = libz.1.2.5.tbd; path = usr/lib/libz.1.2.5.tbd; sourceTree = SDKROOT; };
		6D1ABA241EE84D430026054A /* Security.framework */ = {isa = PBXFileReference; lastKnownFileType = wrapper.framework; name = Security.framework; path = System/Library/Frameworks/Security.framework; sourceTree = SDKROOT; };
		6D1ABA261EE84D4A0026054A /* CoreLocation.framework */ = {isa = PBXFileReference; lastKnownFileType = wrapper.framework; name = CoreLocation.framework; path = System/Library/Frameworks/CoreLocation.framework; sourceTree = SDKROOT; };
		6D1ABA281EE84DBA0026054A /* SystemConfiguration.framework */ = {isa = PBXFileReference; lastKnownFileType = wrapper.framework; name = SystemConfiguration.framework; path = System/Library/Frameworks/SystemConfiguration.framework; sourceTree = SDKROOT; };
		6D2C0FB42157F31700C37783 /* README.md */ = {isa = PBXFileReference; fileEncoding = 4; lastKnownFileType = net.daringfireball.markdown; name = README.md; path = ../../README.md; sourceTree = "<group>"; };
		6D2C0FB52157F31700C37783 /* LICENSE */ = {isa = PBXFileReference; fileEncoding = 4; lastKnownFileType = text; name = LICENSE; path = ../../LICENSE; sourceTree = "<group>"; };
		6D4429411EE5A3760030534D /* TCTabbarController.swift */ = {isa = PBXFileReference; fileEncoding = 4; lastKnownFileType = sourcecode.swift; path = TCTabbarController.swift; sourceTree = "<group>"; };
		6D4429431EE5A4AD0030534D /* SettingController.swift */ = {isa = PBXFileReference; fileEncoding = 4; lastKnownFileType = sourcecode.swift; path = SettingController.swift; sourceTree = "<group>"; };
		6D4429451EE5ACE00030534D /* SafariServices.framework */ = {isa = PBXFileReference; lastKnownFileType = wrapper.framework; name = SafariServices.framework; path = System/Library/Frameworks/SafariServices.framework; sourceTree = SDKROOT; };
		6D9E72911EE45ABA00AB993A /* AudioToolbox.framework */ = {isa = PBXFileReference; lastKnownFileType = wrapper.framework; name = AudioToolbox.framework; path = System/Library/Frameworks/AudioToolbox.framework; sourceTree = SDKROOT; };
		6DA0627A1EE43D6F00B3F5D9 /* iEnglish.app */ = {isa = PBXFileReference; explicitFileType = wrapper.application; includeInIndex = 0; path = iEnglish.app; sourceTree = BUILT_PRODUCTS_DIR; };
		6DA062841EE43D6F00B3F5D9 /* Assets.xcassets */ = {isa = PBXFileReference; lastKnownFileType = folder.assetcatalog; path = Assets.xcassets; sourceTree = "<group>"; };
		6DA062871EE43D6F00B3F5D9 /* Base */ = {isa = PBXFileReference; lastKnownFileType = file.storyboard; name = Base; path = Base.lproj/LaunchScreen.storyboard; sourceTree = "<group>"; };
		6DA062891EE43D6F00B3F5D9 /* Info.plist */ = {isa = PBXFileReference; lastKnownFileType = text.plist.xml; path = Info.plist; sourceTree = "<group>"; };
		6DA0628E1EE43D6F00B3F5D9 /* iEnglishTests.xctest */ = {isa = PBXFileReference; explicitFileType = wrapper.cfbundle; includeInIndex = 0; path = iEnglishTests.xctest; sourceTree = BUILT_PRODUCTS_DIR; };
		6DA062921EE43D6F00B3F5D9 /* iEnglishTests.swift */ = {isa = PBXFileReference; lastKnownFileType = sourcecode.swift; path = iEnglishTests.swift; sourceTree = "<group>"; };
		6DA062941EE43D6F00B3F5D9 /* Info.plist */ = {isa = PBXFileReference; lastKnownFileType = text.plist.xml; path = Info.plist; sourceTree = "<group>"; };
		6DA062991EE43D6F00B3F5D9 /* iEnglishUITests.xctest */ = {isa = PBXFileReference; explicitFileType = wrapper.cfbundle; includeInIndex = 0; path = iEnglishUITests.xctest; sourceTree = BUILT_PRODUCTS_DIR; };
		6DA0629D1EE43D6F00B3F5D9 /* iEnglishUITests.swift */ = {isa = PBXFileReference; lastKnownFileType = sourcecode.swift; path = iEnglishUITests.swift; sourceTree = "<group>"; };
		6DA0629F1EE43D6F00B3F5D9 /* Info.plist */ = {isa = PBXFileReference; lastKnownFileType = text.plist.xml; path = Info.plist; sourceTree = "<group>"; };
		6DA062AC1EE443B200B3F5D9 /* iEnglish.bundle */ = {isa = PBXFileReference; lastKnownFileType = "wrapper.plug-in"; path = iEnglish.bundle; sourceTree = "<group>"; };
		6DA062AF1EE444EB00B3F5D9 /* libsqlite3.0.tbd */ = {isa = PBXFileReference; lastKnownFileType = "sourcecode.text-based-dylib-definition"; name = libsqlite3.0.tbd; path = usr/lib/libsqlite3.0.tbd; sourceTree = SDKROOT; };
		6DA062B31EE4452600B3F5D9 /* BaiduMobStat.h */ = {isa = PBXFileReference; fileEncoding = 4; lastKnownFileType = sourcecode.c.h; path = BaiduMobStat.h; sourceTree = "<group>"; };
		6DA062B41EE4452600B3F5D9 /* libBaiduMobStat.a */ = {isa = PBXFileReference; lastKnownFileType = archive.ar; path = libBaiduMobStat.a; sourceTree = "<group>"; };
		6DA062B61EE4453500B3F5D9 /* iEnglish-Bridging-Header.h */ = {isa = PBXFileReference; lastKnownFileType = sourcecode.c.h; path = "iEnglish-Bridging-Header.h"; sourceTree = SOURCE_ROOT; };
		6DA062BB1EE4469B00B3F5D9 /* TCAppConst.swift */ = {isa = PBXFileReference; fileEncoding = 4; lastKnownFileType = sourcecode.swift; path = TCAppConst.swift; sourceTree = "<group>"; };
		6DA062BF1EE447B800B3F5D9 /* AppDelegate.swift */ = {isa = PBXFileReference; fileEncoding = 4; lastKnownFileType = sourcecode.swift; path = AppDelegate.swift; sourceTree = "<group>"; };
		6DA062C01EE447B800B3F5D9 /* WordsViewController.swift */ = {isa = PBXFileReference; fileEncoding = 4; lastKnownFileType = sourcecode.swift; path = WordsViewController.swift; sourceTree = "<group>"; };
		6DA062C31EE447DE00B3F5D9 /* TCNavigationController.swift */ = {isa = PBXFileReference; fileEncoding = 4; lastKnownFileType = sourcecode.swift; path = TCNavigationController.swift; sourceTree = "<group>"; };
		6DA062C51EE44D9900B3F5D9 /* iEnglish.db3 */ = {isa = PBXFileReference; lastKnownFileType = file; path = iEnglish.db3; sourceTree = "<group>"; };
		6DA062C71EE44E8C00B3F5D9 /* SQLiteDB.swift */ = {isa = PBXFileReference; fileEncoding = 4; lastKnownFileType = sourcecode.swift; path = SQLiteDB.swift; sourceTree = "<group>"; };
		6DA062C81EE44E8C00B3F5D9 /* SQLTable.swift */ = {isa = PBXFileReference; fileEncoding = 4; lastKnownFileType = sourcecode.swift; path = SQLTable.swift; sourceTree = "<group>"; };
		6DA062CD1EE4553700B3F5D9 /* CategoryViewController.swift */ = {isa = PBXFileReference; fileEncoding = 4; lastKnownFileType = sourcecode.swift; path = CategoryViewController.swift; sourceTree = "<group>"; };
		6DBAE27C1EED4408003ABE7E /* TCSearchResultsVC.swift */ = {isa = PBXFileReference; fileEncoding = 4; lastKnownFileType = sourcecode.swift; path = TCSearchResultsVC.swift; sourceTree = "<group>"; };
		6DBAE27F1EED5D91003ABE7E /* IELanguageTableViewController.swift */ = {isa = PBXFileReference; fileEncoding = 4; lastKnownFileType = sourcecode.swift; path = IELanguageTableViewController.swift; sourceTree = "<group>"; };
		6DBAE2811EED61B2003ABE7E /* TCUserDefaults.swift */ = {isa = PBXFileReference; fileEncoding = 4; lastKnownFileType = sourcecode.swift; path = TCUserDefaults.swift; sourceTree = "<group>"; };
		6DCB7EFE1EE701050074FD00 /* ITCommonAPI.swift */ = {isa = PBXFileReference; fileEncoding = 4; lastKnownFileType = sourcecode.swift; path = ITCommonAPI.swift; sourceTree = "<group>"; };
		6DCB7F001EE7013A0074FD00 /* ITAboutAppVC.swift */ = {isa = PBXFileReference; fileEncoding = 4; lastKnownFileType = sourcecode.swift; path = ITAboutAppVC.swift; sourceTree = "<group>"; };
		6DCB7F011EE7013A0074FD00 /* ITAboutAppVC.xib */ = {isa = PBXFileReference; fileEncoding = 4; lastKnownFileType = file.xib; path = ITAboutAppVC.xib; sourceTree = "<group>"; };
/* End PBXFileReference section */

/* Begin PBXFrameworksBuildPhase section */
		6DA062771EE43D6F00B3F5D9 /* Frameworks */ = {
			isa = PBXFrameworksBuildPhase;
			buildActionMask = 2147483647;
			files = (
				6D1ABA291EE84DBA0026054A /* SystemConfiguration.framework in Frameworks */,
				6D1ABA271EE84D4A0026054A /* CoreLocation.framework in Frameworks */,
				6D1ABA251EE84D430026054A /* Security.framework in Frameworks */,
				6D1ABA231EE84D3C0026054A /* libz.1.2.5.tbd in Frameworks */,
				6D1ABA211EE84D350026054A /* libstdc++.tbd in Frameworks */,
				6D1ABA1F1EE84D2F0026054A /* CoreGraphics.framework in Frameworks */,
				6D1ABA1D1EE84D2A0026054A /* CoreTelephony.framework in Frameworks */,
				6D1ABA1B1EE84D250026054A /* JavaScriptCore.framework in Frameworks */,
				6D1ABA191EE84D1E0026054A /* Foundation.framework in Frameworks */,
				6D1ABA171EE84D170026054A /* StoreKit.framework in Frameworks */,
				6D4429461EE5ACE00030534D /* SafariServices.framework in Frameworks */,
				6D1ABA151EE84D0A0026054A /* MessageUI.framework in Frameworks */,
				6D1ABA131EE84D030026054A /* CFNetwork.framework in Frameworks */,
				6D9E72921EE45ABA00AB993A /* AudioToolbox.framework in Frameworks */,
				6DA062B51EE4452600B3F5D9 /* libBaiduMobStat.a in Frameworks */,
				6DA062B01EE444EB00B3F5D9 /* libsqlite3.0.tbd in Frameworks */,
			);
			runOnlyForDeploymentPostprocessing = 0;
		};
		6DA0628B1EE43D6F00B3F5D9 /* Frameworks */ = {
			isa = PBXFrameworksBuildPhase;
			buildActionMask = 2147483647;
			files = (
			);
			runOnlyForDeploymentPostprocessing = 0;
		};
		6DA062961EE43D6F00B3F5D9 /* Frameworks */ = {
			isa = PBXFrameworksBuildPhase;
			buildActionMask = 2147483647;
			files = (
			);
			runOnlyForDeploymentPostprocessing = 0;
		};
/* End PBXFrameworksBuildPhase section */

/* Begin PBXGroup section */
		6DA062711EE43D6F00B3F5D9 = {
			isa = PBXGroup;
			children = (
				6DA0627C1EE43D6F00B3F5D9 /* iEnglish */,
				6DA062911EE43D6F00B3F5D9 /* iEnglishTests */,
				6DA0629C1EE43D6F00B3F5D9 /* iEnglishUITests */,
				6DA0627B1EE43D6F00B3F5D9 /* Products */,
				6DA062AE1EE444EB00B3F5D9 /* Frameworks */,
			);
			sourceTree = "<group>";
		};
		6DA0627B1EE43D6F00B3F5D9 /* Products */ = {
			isa = PBXGroup;
			children = (
				6DA0627A1EE43D6F00B3F5D9 /* iEnglish.app */,
				6DA0628E1EE43D6F00B3F5D9 /* iEnglishTests.xctest */,
				6DA062991EE43D6F00B3F5D9 /* iEnglishUITests.xctest */,
			);
			name = Products;
			sourceTree = "<group>";
		};
		6DA0627C1EE43D6F00B3F5D9 /* iEnglish */ = {
			isa = PBXGroup;
			children = (
				6DA062BE1EE447B800B3F5D9 /* ViewAndController */,
				6DA062BA1EE4467600B3F5D9 /* TCUtils */,
				6DA062B11EE4451400B3F5D9 /* Thirdparty */,
				6DA062AB1EE4421100B3F5D9 /* Resources */,
				6DA062841EE43D6F00B3F5D9 /* Assets.xcassets */,
				6DA062861EE43D6F00B3F5D9 /* LaunchScreen.storyboard */,
				6DA062891EE43D6F00B3F5D9 /* Info.plist */,
				6D2C0FB52157F31700C37783 /* LICENSE */,
				6D2C0FB42157F31700C37783 /* README.md */,
			);
			path = iEnglish;
			sourceTree = "<group>";
		};
		6DA062911EE43D6F00B3F5D9 /* iEnglishTests */ = {
			isa = PBXGroup;
			children = (
				6DA062921EE43D6F00B3F5D9 /* iEnglishTests.swift */,
				6DA062941EE43D6F00B3F5D9 /* Info.plist */,
			);
			path = iEnglishTests;
			sourceTree = "<group>";
		};
		6DA0629C1EE43D6F00B3F5D9 /* iEnglishUITests */ = {
			isa = PBXGroup;
			children = (
				6DA0629D1EE43D6F00B3F5D9 /* iEnglishUITests.swift */,
				6DA0629F1EE43D6F00B3F5D9 /* Info.plist */,
			);
			path = iEnglishUITests;
			sourceTree = "<group>";
		};
		6DA062AB1EE4421100B3F5D9 /* Resources */ = {
			isa = PBXGroup;
			children = (
				6DA062C51EE44D9900B3F5D9 /* iEnglish.db3 */,
				6DA062AC1EE443B200B3F5D9 /* iEnglish.bundle */,
			);
			path = Resources;
			sourceTree = "<group>";
		};
		6DA062AE1EE444EB00B3F5D9 /* Frameworks */ = {
			isa = PBXGroup;
			children = (
				6D1ABA281EE84DBA0026054A /* SystemConfiguration.framework */,
				6D1ABA261EE84D4A0026054A /* CoreLocation.framework */,
				6D1ABA241EE84D430026054A /* Security.framework */,
				6D1ABA221EE84D3C0026054A /* libz.1.2.5.tbd */,
				6D1ABA201EE84D350026054A /* libstdc++.tbd */,
				6D1ABA1E1EE84D2F0026054A /* CoreGraphics.framework */,
				6D1ABA1C1EE84D2A0026054A /* CoreTelephony.framework */,
				6D1ABA1A1EE84D250026054A /* JavaScriptCore.framework */,
				6D1ABA181EE84D1E0026054A /* Foundation.framework */,
				6D1ABA161EE84D170026054A /* StoreKit.framework */,
				6D1ABA141EE84D0A0026054A /* MessageUI.framework */,
				6D1ABA121EE84D030026054A /* CFNetwork.framework */,
				6D4429451EE5ACE00030534D /* SafariServices.framework */,
				6D9E72911EE45ABA00AB993A /* AudioToolbox.framework */,
				6DA062AF1EE444EB00B3F5D9 /* libsqlite3.0.tbd */,
			);
			name = Frameworks;
			sourceTree = "<group>";
		};
		6DA062B11EE4451400B3F5D9 /* Thirdparty */ = {
			isa = PBXGroup;
			children = (
				6DA062C61EE44E8C00B3F5D9 /* SQLiteDB-Swift */,
				6DA062B21EE4452600B3F5D9 /* baidu_ios_api */,
			);
			path = Thirdparty;
			sourceTree = "<group>";
		};
		6DA062B21EE4452600B3F5D9 /* baidu_ios_api */ = {
			isa = PBXGroup;
			children = (
				6DA062B31EE4452600B3F5D9 /* BaiduMobStat.h */,
				6DA062B41EE4452600B3F5D9 /* libBaiduMobStat.a */,
			);
			path = baidu_ios_api;
			sourceTree = "<group>";
		};
		6DA062BA1EE4467600B3F5D9 /* TCUtils */ = {
			isa = PBXGroup;
			children = (
				6DA062B61EE4453500B3F5D9 /* iEnglish-Bridging-Header.h */,
				6DA062BB1EE4469B00B3F5D9 /* TCAppConst.swift */,
				6DCB7EFE1EE701050074FD00 /* ITCommonAPI.swift */,
				6DCB7F001EE7013A0074FD00 /* ITAboutAppVC.swift */,
				6DCB7F011EE7013A0074FD00 /* ITAboutAppVC.xib */,
				6DBAE2811EED61B2003ABE7E /* TCUserDefaults.swift */,
			);
			path = TCUtils;
			sourceTree = "<group>";
		};
		6DA062BE1EE447B800B3F5D9 /* ViewAndController */ = {
			isa = PBXGroup;
			children = (
				6DBAE27E1EED59C7003ABE7E /* Base */,
				6DA062BF1EE447B800B3F5D9 /* AppDelegate.swift */,
				6DA062C01EE447B800B3F5D9 /* WordsViewController.swift */,
				6DA062CD1EE4553700B3F5D9 /* CategoryViewController.swift */,
				6D4429431EE5A4AD0030534D /* SettingController.swift */,
				6DBAE27F1EED5D91003ABE7E /* IELanguageTableViewController.swift */,
			);
			path = ViewAndController;
			sourceTree = "<group>";
		};
		6DA062C61EE44E8C00B3F5D9 /* SQLiteDB-Swift */ = {
			isa = PBXGroup;
			children = (
				6DA062C71EE44E8C00B3F5D9 /* SQLiteDB.swift */,
				6DA062C81EE44E8C00B3F5D9 /* SQLTable.swift */,
			);
			path = "SQLiteDB-Swift";
			sourceTree = "<group>";
		};
		6DBAE27E1EED59C7003ABE7E /* Base */ = {
			isa = PBXGroup;
			children = (
				6DBAE27C1EED4408003ABE7E /* TCSearchResultsVC.swift */,
				6D4429411EE5A3760030534D /* TCTabbarController.swift */,
				6DA062C31EE447DE00B3F5D9 /* TCNavigationController.swift */,
			);
			name = Base;
			sourceTree = "<group>";
		};
/* End PBXGroup section */

/* Begin PBXNativeTarget section */
		6DA062791EE43D6F00B3F5D9 /* iEnglish */ = {
			isa = PBXNativeTarget;
			buildConfigurationList = 6DA062A21EE43D6F00B3F5D9 /* Build configuration list for PBXNativeTarget "iEnglish" */;
			buildPhases = (
				6DA062761EE43D6F00B3F5D9 /* Sources */,
				6DA062771EE43D6F00B3F5D9 /* Frameworks */,
				6DA062781EE43D6F00B3F5D9 /* Resources */,
			);
			buildRules = (
			);
			dependencies = (
			);
			name = iEnglish;
			productName = iEnglish;
			productReference = 6DA0627A1EE43D6F00B3F5D9 /* iEnglish.app */;
			productType = "com.apple.product-type.application";
		};
		6DA0628D1EE43D6F00B3F5D9 /* iEnglishTests */ = {
			isa = PBXNativeTarget;
			buildConfigurationList = 6DA062A51EE43D6F00B3F5D9 /* Build configuration list for PBXNativeTarget "iEnglishTests" */;
			buildPhases = (
				6DA0628A1EE43D6F00B3F5D9 /* Sources */,
				6DA0628B1EE43D6F00B3F5D9 /* Frameworks */,
				6DA0628C1EE43D6F00B3F5D9 /* Resources */,
			);
			buildRules = (
			);
			dependencies = (
				6DA062901EE43D6F00B3F5D9 /* PBXTargetDependency */,
			);
			name = iEnglishTests;
			productName = iEnglishTests;
			productReference = 6DA0628E1EE43D6F00B3F5D9 /* iEnglishTests.xctest */;
			productType = "com.apple.product-type.bundle.unit-test";
		};
		6DA062981EE43D6F00B3F5D9 /* iEnglishUITests */ = {
			isa = PBXNativeTarget;
			buildConfigurationList = 6DA062A81EE43D6F00B3F5D9 /* Build configuration list for PBXNativeTarget "iEnglishUITests" */;
			buildPhases = (
				6DA062951EE43D6F00B3F5D9 /* Sources */,
				6DA062961EE43D6F00B3F5D9 /* Frameworks */,
				6DA062971EE43D6F00B3F5D9 /* Resources */,
			);
			buildRules = (
			);
			dependencies = (
				6DA0629B1EE43D6F00B3F5D9 /* PBXTargetDependency */,
			);
			name = iEnglishUITests;
			productName = iEnglishUITests;
			productReference = 6DA062991EE43D6F00B3F5D9 /* iEnglishUITests.xctest */;
			productType = "com.apple.product-type.bundle.ui-testing";
		};
/* End PBXNativeTarget section */

/* Begin PBXProject section */
		6DA062721EE43D6F00B3F5D9 /* Project object */ = {
			isa = PBXProject;
			attributes = {
				LastSwiftUpdateCheck = 0830;
				LastUpgradeCheck = 1020;
				ORGANIZATIONNAME = iHTCboy;
				TargetAttributes = {
					6DA062791EE43D6F00B3F5D9 = {
						CreatedOnToolsVersion = 8.3.2;
						DevelopmentTeam = 28PV6G96R7;
						LastSwiftMigration = 0830;
						ProvisioningStyle = Automatic;
					};
					6DA0628D1EE43D6F00B3F5D9 = {
						CreatedOnToolsVersion = 8.3.2;
						DevelopmentTeam = 28PV6G96R7;
						ProvisioningStyle = Automatic;
						TestTargetID = 6DA062791EE43D6F00B3F5D9;
					};
					6DA062981EE43D6F00B3F5D9 = {
						CreatedOnToolsVersion = 8.3.2;
						DevelopmentTeam = 28PV6G96R7;
						ProvisioningStyle = Automatic;
						TestTargetID = 6DA062791EE43D6F00B3F5D9;
					};
				};
			};
			buildConfigurationList = 6DA062751EE43D6F00B3F5D9 /* Build configuration list for PBXProject "iEnglish" */;
			compatibilityVersion = "Xcode 3.2";
			developmentRegion = en;
			hasScannedForEncodings = 0;
			knownRegions = (
				en,
				Base,
			);
			mainGroup = 6DA062711EE43D6F00B3F5D9;
			productRefGroup = 6DA0627B1EE43D6F00B3F5D9 /* Products */;
			projectDirPath = "";
			projectRoot = "";
			targets = (
				6DA062791EE43D6F00B3F5D9 /* iEnglish */,
				6DA0628D1EE43D6F00B3F5D9 /* iEnglishTests */,
				6DA062981EE43D6F00B3F5D9 /* iEnglishUITests */,
			);
		};
/* End PBXProject section */

/* Begin PBXResourcesBuildPhase section */
		6DA062781EE43D6F00B3F5D9 /* Resources */ = {
			isa = PBXResourcesBuildPhase;
			buildActionMask = 2147483647;
			files = (
				6D2C0FB62157F31700C37783 /* README.md in Resources */,
				6DA062CC1EE450F400B3F5D9 /* iEnglish.db3 in Resources */,
				6DA062881EE43D6F00B3F5D9 /* LaunchScreen.storyboard in Resources */,
				6D2C0FB72157F31700C37783 /* LICENSE in Resources */,
				6DA062851EE43D6F00B3F5D9 /* Assets.xcassets in Resources */,
				6DA062AD1EE443B200B3F5D9 /* iEnglish.bundle in Resources */,
				6DCB7F031EE7013A0074FD00 /* ITAboutAppVC.xib in Resources */,
			);
			runOnlyForDeploymentPostprocessing = 0;
		};
		6DA0628C1EE43D6F00B3F5D9 /* Resources */ = {
			isa = PBXResourcesBuildPhase;
			buildActionMask = 2147483647;
			files = (
			);
			runOnlyForDeploymentPostprocessing = 0;
		};
		6DA062971EE43D6F00B3F5D9 /* Resources */ = {
			isa = PBXResourcesBuildPhase;
			buildActionMask = 2147483647;
			files = (
			);
			runOnlyForDeploymentPostprocessing = 0;
		};
/* End PBXResourcesBuildPhase section */

/* Begin PBXSourcesBuildPhase section */
		6DA062761EE43D6F00B3F5D9 /* Sources */ = {
			isa = PBXSourcesBuildPhase;
			buildActionMask = 2147483647;
			files = (
				6DCB7F021EE7013A0074FD00 /* ITAboutAppVC.swift in Sources */,
				6D4429441EE5A4AD0030534D /* SettingController.swift in Sources */,
				6DA062C21EE447B800B3F5D9 /* WordsViewController.swift in Sources */,
				6DA062C11EE447B800B3F5D9 /* AppDelegate.swift in Sources */,
				6D4429421EE5A3760030534D /* TCTabbarController.swift in Sources */,
				6DA062CE1EE4553700B3F5D9 /* CategoryViewController.swift in Sources */,
				6DBAE27D1EED4408003ABE7E /* TCSearchResultsVC.swift in Sources */,
				6DA062C91EE44E8C00B3F5D9 /* SQLiteDB.swift in Sources */,
				6DA062C41EE447DE00B3F5D9 /* TCNavigationController.swift in Sources */,
				6DBAE2821EED61B2003ABE7E /* TCUserDefaults.swift in Sources */,
				6DBAE2801EED5D91003ABE7E /* IELanguageTableViewController.swift in Sources */,
				6DA062BC1EE4469B00B3F5D9 /* TCAppConst.swift in Sources */,
				6DCB7EFF1EE701050074FD00 /* ITCommonAPI.swift in Sources */,
				6DA062CA1EE44E8C00B3F5D9 /* SQLTable.swift in Sources */,
			);
			runOnlyForDeploymentPostprocessing = 0;
		};
		6DA0628A1EE43D6F00B3F5D9 /* Sources */ = {
			isa = PBXSourcesBuildPhase;
			buildActionMask = 2147483647;
			files = (
				6DA062931EE43D6F00B3F5D9 /* iEnglishTests.swift in Sources */,
			);
			runOnlyForDeploymentPostprocessing = 0;
		};
		6DA062951EE43D6F00B3F5D9 /* Sources */ = {
			isa = PBXSourcesBuildPhase;
			buildActionMask = 2147483647;
			files = (
				6DA0629E1EE43D6F00B3F5D9 /* iEnglishUITests.swift in Sources */,
			);
			runOnlyForDeploymentPostprocessing = 0;
		};
/* End PBXSourcesBuildPhase section */

/* Begin PBXTargetDependency section */
		6DA062901EE43D6F00B3F5D9 /* PBXTargetDependency */ = {
			isa = PBXTargetDependency;
			target = 6DA062791EE43D6F00B3F5D9 /* iEnglish */;
			targetProxy = 6DA0628F1EE43D6F00B3F5D9 /* PBXContainerItemProxy */;
		};
		6DA0629B1EE43D6F00B3F5D9 /* PBXTargetDependency */ = {
			isa = PBXTargetDependency;
			target = 6DA062791EE43D6F00B3F5D9 /* iEnglish */;
			targetProxy = 6DA0629A1EE43D6F00B3F5D9 /* PBXContainerItemProxy */;
		};
/* End PBXTargetDependency section */

/* Begin PBXVariantGroup section */
		6DA062861EE43D6F00B3F5D9 /* LaunchScreen.storyboard */ = {
			isa = PBXVariantGroup;
			children = (
				6DA062871EE43D6F00B3F5D9 /* Base */,
			);
			name = LaunchScreen.storyboard;
			sourceTree = "<group>";
		};
/* End PBXVariantGroup section */

/* Begin XCBuildConfiguration section */
		6DA062A01EE43D6F00B3F5D9 /* Debug */ = {
			isa = XCBuildConfiguration;
			buildSettings = {
				ALWAYS_SEARCH_USER_PATHS = NO;
				CLANG_ANALYZER_NONNULL = YES;
				CLANG_ANALYZER_NUMBER_OBJECT_CONVERSION = YES_AGGRESSIVE;
				CLANG_CXX_LANGUAGE_STANDARD = "gnu++0x";
				CLANG_CXX_LIBRARY = "libc++";
				CLANG_ENABLE_MODULES = YES;
				CLANG_ENABLE_OBJC_ARC = YES;
				CLANG_WARN_BLOCK_CAPTURE_AUTORELEASING = YES;
				CLANG_WARN_BOOL_CONVERSION = YES;
				CLANG_WARN_COMMA = YES;
				CLANG_WARN_CONSTANT_CONVERSION = YES;
				CLANG_WARN_DEPRECATED_OBJC_IMPLEMENTATIONS = YES;
				CLANG_WARN_DIRECT_OBJC_ISA_USAGE = YES_ERROR;
				CLANG_WARN_DOCUMENTATION_COMMENTS = YES;
				CLANG_WARN_EMPTY_BODY = YES;
				CLANG_WARN_ENUM_CONVERSION = YES;
				CLANG_WARN_INFINITE_RECURSION = YES;
				CLANG_WARN_INT_CONVERSION = YES;
				CLANG_WARN_NON_LITERAL_NULL_CONVERSION = YES;
				CLANG_WARN_OBJC_IMPLICIT_RETAIN_SELF = YES;
				CLANG_WARN_OBJC_LITERAL_CONVERSION = YES;
				CLANG_WARN_OBJC_ROOT_CLASS = YES_ERROR;
				CLANG_WARN_RANGE_LOOP_ANALYSIS = YES;
				CLANG_WARN_STRICT_PROTOTYPES = YES;
				CLANG_WARN_SUSPICIOUS_MOVE = YES;
				CLANG_WARN_UNREACHABLE_CODE = YES;
				CLANG_WARN__DUPLICATE_METHOD_MATCH = YES;
				"CODE_SIGN_IDENTITY[sdk=iphoneos*]" = "iPhone Developer";
				COPY_PHASE_STRIP = NO;
				DEBUG_INFORMATION_FORMAT = dwarf;
				ENABLE_STRICT_OBJC_MSGSEND = YES;
				ENABLE_TESTABILITY = YES;
				GCC_C_LANGUAGE_STANDARD = gnu99;
				GCC_DYNAMIC_NO_PIC = NO;
				GCC_NO_COMMON_BLOCKS = YES;
				GCC_OPTIMIZATION_LEVEL = 0;
				GCC_PREPROCESSOR_DEFINITIONS = (
					"DEBUG=1",
					"$(inherited)",
				);
				GCC_WARN_64_TO_32_BIT_CONVERSION = YES;
				GCC_WARN_ABOUT_RETURN_TYPE = YES_ERROR;
				GCC_WARN_UNDECLARED_SELECTOR = YES;
				GCC_WARN_UNINITIALIZED_AUTOS = YES_AGGRESSIVE;
				GCC_WARN_UNUSED_FUNCTION = YES;
				GCC_WARN_UNUSED_VARIABLE = YES;
				IPHONEOS_DEPLOYMENT_TARGET = 8.0;
				MTL_ENABLE_DEBUG_INFO = YES;
				ONLY_ACTIVE_ARCH = YES;
				SDKROOT = iphoneos;
				SWIFT_ACTIVE_COMPILATION_CONDITIONS = DEBUG;
				SWIFT_OPTIMIZATION_LEVEL = "-Onone";
				TARGETED_DEVICE_FAMILY = "1,2";
			};
			name = Debug;
		};
		6DA062A11EE43D6F00B3F5D9 /* Release */ = {
			isa = XCBuildConfiguration;
			buildSettings = {
				ALWAYS_SEARCH_USER_PATHS = NO;
				CLANG_ANALYZER_NONNULL = YES;
				CLANG_ANALYZER_NUMBER_OBJECT_CONVERSION = YES_AGGRESSIVE;
				CLANG_CXX_LANGUAGE_STANDARD = "gnu++0x";
				CLANG_CXX_LIBRARY = "libc++";
				CLANG_ENABLE_MODULES = YES;
				CLANG_ENABLE_OBJC_ARC = YES;
				CLANG_WARN_BLOCK_CAPTURE_AUTORELEASING = YES;
				CLANG_WARN_BOOL_CONVERSION = YES;
				CLANG_WARN_COMMA = YES;
				CLANG_WARN_CONSTANT_CONVERSION = YES;
				CLANG_WARN_DEPRECATED_OBJC_IMPLEMENTATIONS = YES;
				CLANG_WARN_DIRECT_OBJC_ISA_USAGE = YES_ERROR;
				CLANG_WARN_DOCUMENTATION_COMMENTS = YES;
				CLANG_WARN_EMPTY_BODY = YES;
				CLANG_WARN_ENUM_CONVERSION = YES;
				CLANG_WARN_INFINITE_RECURSION = YES;
				CLANG_WARN_INT_CONVERSION = YES;
				CLANG_WARN_NON_LITERAL_NULL_CONVERSION = YES;
				CLANG_WARN_OBJC_IMPLICIT_RETAIN_SELF = YES;
				CLANG_WARN_OBJC_LITERAL_CONVERSION = YES;
				CLANG_WARN_OBJC_ROOT_CLASS = YES_ERROR;
				CLANG_WARN_RANGE_LOOP_ANALYSIS = YES;
				CLANG_WARN_STRICT_PROTOTYPES = YES;
				CLANG_WARN_SUSPICIOUS_MOVE = YES;
				CLANG_WARN_UNREACHABLE_CODE = YES;
				CLANG_WARN__DUPLICATE_METHOD_MATCH = YES;
				"CODE_SIGN_IDENTITY[sdk=iphoneos*]" = "iPhone Developer";
				COPY_PHASE_STRIP = NO;
				DEBUG_INFORMATION_FORMAT = "dwarf-with-dsym";
				ENABLE_NS_ASSERTIONS = NO;
				ENABLE_STRICT_OBJC_MSGSEND = YES;
				GCC_C_LANGUAGE_STANDARD = gnu99;
				GCC_NO_COMMON_BLOCKS = YES;
				GCC_WARN_64_TO_32_BIT_CONVERSION = YES;
				GCC_WARN_ABOUT_RETURN_TYPE = YES_ERROR;
				GCC_WARN_UNDECLARED_SELECTOR = YES;
				GCC_WARN_UNINITIALIZED_AUTOS = YES_AGGRESSIVE;
				GCC_WARN_UNUSED_FUNCTION = YES;
				GCC_WARN_UNUSED_VARIABLE = YES;
				IPHONEOS_DEPLOYMENT_TARGET = 8.0;
				MTL_ENABLE_DEBUG_INFO = NO;
				SDKROOT = iphoneos;
				SWIFT_OPTIMIZATION_LEVEL = "-Owholemodule";
				TARGETED_DEVICE_FAMILY = "1,2";
				VALIDATE_PRODUCT = YES;
			};
			name = Release;
		};
		6DA062A31EE43D6F00B3F5D9 /* Debug */ = {
			isa = XCBuildConfiguration;
			buildSettings = {
				ASSETCATALOG_COMPILER_APPICON_NAME = AppIcon;
				CLANG_ENABLE_MODULES = YES;
				DEVELOPMENT_TEAM = 28PV6G96R7;
				INFOPLIST_FILE = iEnglish/Info.plist;
				IPHONEOS_DEPLOYMENT_TARGET = 8.0;
				LD_RUNPATH_SEARCH_PATHS = "$(inherited) @executable_path/Frameworks";
				LIBRARY_SEARCH_PATHS = (
					"$(inherited)",
					"$(PROJECT_DIR)/iEnglish/Thirdparty/baidu_ios_api",
				);
				PRODUCT_BUNDLE_IDENTIFIER = cc.ihtc.iEnglish;
				PRODUCT_NAME = "$(TARGET_NAME)";
				SWIFT_OBJC_BRIDGING_HEADER = "iEnglish-Bridging-Header.h";
				SWIFT_OPTIMIZATION_LEVEL = "-Onone";
				SWIFT_VERSION = 5.0;
			};
			name = Debug;
		};
		6DA062A41EE43D6F00B3F5D9 /* Release */ = {
			isa = XCBuildConfiguration;
			buildSettings = {
				ASSETCATALOG_COMPILER_APPICON_NAME = AppIcon;
				CLANG_ENABLE_MODULES = YES;
				DEVELOPMENT_TEAM = 28PV6G96R7;
				INFOPLIST_FILE = iEnglish/Info.plist;
				IPHONEOS_DEPLOYMENT_TARGET = 8.0;
				LD_RUNPATH_SEARCH_PATHS = "$(inherited) @executable_path/Frameworks";
				LIBRARY_SEARCH_PATHS = (
					"$(inherited)",
					"$(PROJECT_DIR)/iEnglish/Thirdparty/baidu_ios_api",
				);
				PRODUCT_BUNDLE_IDENTIFIER = cc.ihtc.iEnglish;
				PRODUCT_NAME = "$(TARGET_NAME)";
				SWIFT_OBJC_BRIDGING_HEADER = "iEnglish-Bridging-Header.h";
				SWIFT_VERSION = 5.0;
			};
			name = Release;
		};
		6DA062A61EE43D6F00B3F5D9 /* Debug */ = {
			isa = XCBuildConfiguration;
			buildSettings = {
				ALWAYS_EMBED_SWIFT_STANDARD_LIBRARIES = YES;
				BUNDLE_LOADER = "$(TEST_HOST)";
				DEVELOPMENT_TEAM = 28PV6G96R7;
				INFOPLIST_FILE = iEnglishTests/Info.plist;
				LD_RUNPATH_SEARCH_PATHS = "$(inherited) @executable_path/Frameworks @loader_path/Frameworks";
				PRODUCT_BUNDLE_IDENTIFIER = cc.ihtc.iEnglishTests;
				PRODUCT_NAME = "$(TARGET_NAME)";
				SWIFT_VERSION = 3.0;
				TEST_HOST = "$(BUILT_PRODUCTS_DIR)/iEnglish.app/iEnglish";
			};
			name = Debug;
		};
		6DA062A71EE43D6F00B3F5D9 /* Release */ = {
			isa = XCBuildConfiguration;
			buildSettings = {
				ALWAYS_EMBED_SWIFT_STANDARD_LIBRARIES = YES;
				BUNDLE_LOADER = "$(TEST_HOST)";
				DEVELOPMENT_TEAM = 28PV6G96R7;
				INFOPLIST_FILE = iEnglishTests/Info.plist;
				LD_RUNPATH_SEARCH_PATHS = "$(inherited) @executable_path/Frameworks @loader_path/Frameworks";
				PRODUCT_BUNDLE_IDENTIFIER = cc.ihtc.iEnglishTests;
				PRODUCT_NAME = "$(TARGET_NAME)";
				SWIFT_VERSION = 3.0;
				TEST_HOST = "$(BUILT_PRODUCTS_DIR)/iEnglish.app/iEnglish";
			};
			name = Release;
		};
		6DA062A91EE43D6F00B3F5D9 /* Debug */ = {
			isa = XCBuildConfiguration;
			buildSettings = {
				ALWAYS_EMBED_SWIFT_STANDARD_LIBRARIES = YES;
				DEVELOPMENT_TEAM = 28PV6G96R7;
				INFOPLIST_FILE = iEnglishUITests/Info.plist;
				LD_RUNPATH_SEARCH_PATHS = "$(inherited) @executable_path/Frameworks @loader_path/Frameworks";
				PRODUCT_BUNDLE_IDENTIFIER = cc.ihtc.iEnglishUITests;
				PRODUCT_NAME = "$(TARGET_NAME)";
				SWIFT_VERSION = 3.0;
				TEST_TARGET_NAME = iEnglish;
			};
			name = Debug;
		};
		6DA062AA1EE43D6F00B3F5D9 /* Release */ = {
			isa = XCBuildConfiguration;
			buildSettings = {
				ALWAYS_EMBED_SWIFT_STANDARD_LIBRARIES = YES;
				DEVELOPMENT_TEAM = 28PV6G96R7;
				INFOPLIST_FILE = iEnglishUITests/Info.plist;
				LD_RUNPATH_SEARCH_PATHS = "$(inherited) @executable_path/Frameworks @loader_path/Frameworks";
				PRODUCT_BUNDLE_IDENTIFIER = cc.ihtc.iEnglishUITests;
				PRODUCT_NAME = "$(TARGET_NAME)";
				SWIFT_VERSION = 3.0;
				TEST_TARGET_NAME = iEnglish;
			};
			name = Release;
		};
/* End XCBuildConfiguration section */

/* Begin XCConfigurationList section */
		6DA062751EE43D6F00B3F5D9 /* Build configuration list for PBXProject "iEnglish" */ = {
			isa = XCConfigurationList;
			buildConfigurations = (
				6DA062A01EE43D6F00B3F5D9 /* Debug */,
				6DA062A11EE43D6F00B3F5D9 /* Release */,
			);
			defaultConfigurationIsVisible = 0;
			defaultConfigurationName = Release;
		};
		6DA062A21EE43D6F00B3F5D9 /* Build configuration list for PBXNativeTarget "iEnglish" */ = {
			isa = XCConfigurationList;
			buildConfigurations = (
				6DA062A31EE43D6F00B3F5D9 /* Debug */,
				6DA062A41EE43D6F00B3F5D9 /* Release */,
			);
			defaultConfigurationIsVisible = 0;
			defaultConfigurationName = Release;
		};
		6DA062A51EE43D6F00B3F5D9 /* Build configuration list for PBXNativeTarget "iEnglishTests" */ = {
			isa = XCConfigurationList;
			buildConfigurations = (
				6DA062A61EE43D6F00B3F5D9 /* Debug */,
				6DA062A71EE43D6F00B3F5D9 /* Release */,
			);
			defaultConfigurationIsVisible = 0;
			defaultConfigurationName = Release;
		};
		6DA062A81EE43D6F00B3F5D9 /* Build configuration list for PBXNativeTarget "iEnglishUITests" */ = {
			isa = XCConfigurationList;
			buildConfigurations = (
				6DA062A91EE43D6F00B3F5D9 /* Debug */,
				6DA062AA1EE43D6F00B3F5D9 /* Release */,
			);
			defaultConfigurationIsVisible = 0;
			defaultConfigurationName = Release;
		};
/* End XCConfigurationList section */
	};
	rootObject = 6DA062721EE43D6F00B3F5D9 /* Project object */;
}
